
Microsoft Visual Studio Solution File, Format Version 12.00
# Visual Studio Version 16
VisualStudioVersion = 16.0.31402.337
MinimumVisualStudioVersion = 10.0.40219.1
Project("{2150E333-8FDC-42A3-9474-1A3956D46DE8}") = "Solution Items", "Solution Items", "{02CC4212-CBD5-4B85-8E36-547DADBB7EAA}"
	ProjectSection(SolutionItems) = preProject
		Agenda.md = Agenda.md
		LinkCollection.txt = LinkCollection.txt
		QuestionAnswer.md = QuestionAnswer.md
	EndProjectSection
EndProject
Project("{9A19103F-16F7-4668-BE54-9A1E7A4F7556}") = "DependencyInversionSample", "DependencyInversionSample\DependencyInversionSample.csproj", "{F74086EA-68FE-4E59-865A-991CBCADD4B7}"
EndProject
Project("{9A19103F-16F7-4668-BE54-9A1E7A4F7556}") = "ASPNETCOREMVC", "ASPNETCOREMVC\ASPNETCOREMVC.csproj", "{6070D9F1-676F-4280-97AA-59F8DEA72C81}"
EndProject
Project("{9A19103F-16F7-4668-BE54-9A1E7A4F7556}") = "ServiceCollectionAndServiceProviderSample", "ServiceCollectionAndServiceProviderSample\ServiceCollectionAndServiceProviderSample.csproj", "{39ED6B29-087F-43D3-BE27-FBCF8BEE26B5}"
EndProject
Project("{9A19103F-16F7-4668-BE54-9A1E7A4F7556}") = "DIScopeVsTransientVsSingletonSample", "DIScopeVsTransientVsSingletonSample\DIScopeVsTransientVsSingletonSample.csproj", "{09AB8B48-3182-426B-B412-7476C52A61DC}"
EndProject
Project("{9A19103F-16F7-4668-BE54-9A1E7A4F7556}") = "AuthorizationFiltersSample", "AuthorizationFiltersSample\AuthorizationFiltersSample.csproj", "{84014157-AECC-4750-975A-D787813EB98A}"
EndProject
Project("{2150E333-8FDC-42A3-9474-1A3956D46DE8}") = "ASPNETCOREMVCKURS", "ASPNETCOREMVCKURS", "{B2422E00-0D11-457A-BB78-A1C70550109A}"
EndProject
Project("{9A19103F-16F7-4668-BE54-9A1E7A4F7556}") = "ASPNETCORE_WebAPI", "ASPNETCORE_WebAPI\ASPNETCORE_WebAPI.csproj", "{7F071B25-2C80-4487-B132-4F7547888635}"
EndProject
Project("{9A19103F-16F7-4668-BE54-9A1E7A4F7556}") = "HttpClientForXMLFormatter", "HttpClientForXMLFormatter\HttpClientForXMLFormatter.csproj", "{FEBA5FF8-3BF9-44F7-8F1B-2AFD0FB4568F}"
EndProject
Project("{9A19103F-16F7-4668-BE54-9A1E7A4F7556}") = "LinqAndLamdaSamples", "LinqAndLamdaSamples\LinqAndLamdaSamples.csproj", "{131CF401-AA54-4B46-9BC7-CFC4C2B05C62}"
EndProject
Project("{9A19103F-16F7-4668-BE54-9A1E7A4F7556}") = "SwaggerClientExample", "SwaggerClientExample\SwaggerClientExample.csproj", "{8A88D4B4-191E-4749-B266-C9A624A407D4}"
EndProject
Project("{9A19103F-16F7-4668-BE54-9A1E7A4F7556}") = "WebAPI_ODATA", "WebAPI_ODATA\WebAPI_ODATA.csproj", "{255F3105-781C-42B3-830E-8599DF347C78}"
EndProject
Global
	GlobalSection(SolutionConfigurationPlatforms) = preSolution
		Debug|Any CPU = Debug|Any CPU
		Release|Any CPU = Release|Any CPU
	EndGlobalSection
	GlobalSection(ProjectConfigurationPlatforms) = postSolution
		{F74086EA-68FE-4E59-865A-991CBCADD4B7}.Debug|Any CPU.ActiveCfg = Debug|Any CPU
		{F74086EA-68FE-4E59-865A-991CBCADD4B7}.Debug|Any CPU.Build.0 = Debug|Any CPU
		{F74086EA-68FE-4E59-865A-991CBCADD4B7}.Release|Any CPU.ActiveCfg = Release|Any CPU
		{F74086EA-68FE-4E59-865A-991CBCADD4B7}.Release|Any CPU.Build.0 = Release|Any CPU
		{6070D9F1-676F-4280-97AA-59F8DEA72C81}.Debug|Any CPU.ActiveCfg = Debug|Any CPU
		{6070D9F1-676F-4280-97AA-59F8DEA72C81}.Debug|Any CPU.Build.0 = Debug|Any CPU
		{6070D9F1-676F-4280-97AA-59F8DEA72C81}.Release|Any CPU.ActiveCfg = Release|Any CPU
		{6070D9F1-676F-4280-97AA-59F8DEA72C81}.Release|Any CPU.Build.0 = Release|Any CPU
		{39ED6B29-087F-43D3-BE27-FBCF8BEE26B5}.Debug|Any CPU.ActiveCfg = Debug|Any CPU
		{39ED6B29-087F-43D3-BE27-FBCF8BEE26B5}.Debug|Any CPU.Build.0 = Debug|Any CPU
		{39ED6B29-087F-43D3-BE27-FBCF8BEE26B5}.Release|Any CPU.ActiveCfg = Release|Any CPU
		{39ED6B29-087F-43D3-BE27-FBCF8BEE26B5}.Release|Any CPU.Build.0 = Release|Any CPU
		{09AB8B48-3182-426B-B412-7476C52A61DC}.Debug|Any CPU.ActiveCfg = Debug|Any CPU
		{09AB8B48-3182-426B-B412-7476C52A61DC}.Debug|Any CPU.Build.0 = Debug|Any CPU
		{09AB8B48-3182-426B-B412-7476C52A61DC}.Release|Any CPU.ActiveCfg = Release|Any CPU
		{09AB8B48-3182-426B-B412-7476C52A61DC}.Release|Any CPU.Build.0 = Release|Any CPU
		{84014157-AECC-4750-975A-D787813EB98A}.Debug|Any CPU.ActiveCfg = Debug|Any CPU
		{84014157-AECC-4750-975A-D787813EB98A}.Debug|Any CPU.Build.0 = Debug|Any CPU
		{84014157-AECC-4750-975A-D787813EB98A}.Release|Any CPU.ActiveCfg = Release|Any CPU
		{84014157-AECC-4750-975A-D787813EB98A}.Release|Any CPU.Build.0 = Release|Any CPU
		{7F071B25-2C80-4487-B132-4F7547888635}.Debug|Any CPU.ActiveCfg = Debug|Any CPU
		{7F071B25-2C80-4487-B132-4F7547888635}.Debug|Any CPU.Build.0 = Debug|Any CPU
		{7F071B25-2C80-4487-B132-4F7547888635}.Release|Any CPU.ActiveCfg = Release|Any CPU
		{7F071B25-2C80-4487-B132-4F7547888635}.Release|Any CPU.Build.0 = Release|Any CPU
		{FEBA5FF8-3BF9-44F7-8F1B-2AFD0FB4568F}.Debug|Any CPU.ActiveCfg = Debug|Any CPU
		{FEBA5FF8-3BF9-44F7-8F1B-2AFD0FB4568F}.Debug|Any CPU.Build.0 = Debug|Any CPU
		{FEBA5FF8-3BF9-44F7-8F1B-2AFD0FB4568F}.Release|Any CPU.ActiveCfg = Release|Any CPU
		{FEBA5FF8-3BF9-44F7-8F1B-2AFD0FB4568F}.Release|Any CPU.Build.0 = Release|Any CPU
		{131CF401-AA54-4B46-9BC7-CFC4C2B05C62}.Debug|Any CPU.ActiveCfg = Debug|Any CPU
		{131CF401-AA54-4B46-9BC7-CFC4C2B05C62}.Debug|Any CPU.Build.0 = Debug|Any CPU
		{131CF401-AA54-4B46-9BC7-CFC4C2B05C62}.Release|Any CPU.ActiveCfg = Release|Any CPU
		{131CF401-AA54-4B46-9BC7-CFC4C2B05C62}.Release|Any CPU.Build.0 = Release|Any CPU
		{8A88D4B4-191E-4749-B266-C9A624A407D4}.Debug|Any CPU.ActiveCfg = Debug|Any CPU
		{8A88D4B4-191E-4749-B266-C9A624A407D4}.Debug|Any CPU.Build.0 = Debug|Any CPU
		{8A88D4B4-191E-4749-B266-C9A624A407D4}.Release|Any CPU.ActiveCfg = Release|Any CPU
		{8A88D4B4-191E-4749-B266-C9A624A407D4}.Release|Any CPU.Build.0 = Release|Any CPU
		{255F3105-781C-42B3-830E-8599DF347C78}.Debug|Any CPU.ActiveCfg = Debug|Any CPU
		{255F3105-781C-42B3-830E-8599DF347C78}.Debug|Any CPU.Build.0 = Debug|Any CPU
		{255F3105-781C-42B3-830E-8599DF347C78}.Release|Any CPU.ActiveCfg = Release|Any CPU
		{255F3105-781C-42B3-830E-8599DF347C78}.Release|Any CPU.Build.0 = Release|Any CPU
	EndGlobalSection
	GlobalSection(SolutionProperties) = preSolution
		HideSolutionNode = FALSE
	EndGlobalSection
	GlobalSection(NestedProjects) = preSolution
		{F74086EA-68FE-4E59-865A-991CBCADD4B7} = {B2422E00-0D11-457A-BB78-A1C70550109A}
		{6070D9F1-676F-4280-97AA-59F8DEA72C81} = {B2422E00-0D11-457A-BB78-A1C70550109A}
		{39ED6B29-087F-43D3-BE27-FBCF8BEE26B5} = {B2422E00-0D11-457A-BB78-A1C70550109A}
		{09AB8B48-3182-426B-B412-7476C52A61DC} = {B2422E00-0D11-457A-BB78-A1C70550109A}
		{84014157-AECC-4750-975A-D787813EB98A} = {B2422E00-0D11-457A-BB78-A1C70550109A}
	EndGlobalSection
	GlobalSection(ExtensibilityGlobals) = postSolution
		SolutionGuid = {E295CFA6-AD25-46FD-86DD-F4E77553CFA4}
	EndGlobalSection
EndGlobal
