
Microsoft Visual Studio Solution File, Format Version 12.00
# Visual Studio Version 16
VisualStudioVersion = 16.0.31402.337
MinimumVisualStudioVersion = 10.0.40219.1
Project("{FAE04EC0-301F-11D3-BF4B-00C04F79EFBC}") = "HelloWebAPI", "HelloWebAPI\HelloWebAPI.csproj", "{F99F9A9F-7499-447F-A2AB-242AC05815EC}"
EndProject
Project("{FAE04EC0-301F-11D3-BF4B-00C04F79EFBC}") = "HelloWebAPI.Shared", "HelloWebAPI.Shared\HelloWebAPI.Shared.csproj", "{2EF7D69E-5BD3-4E2D-9EFB-2B52BD8F9207}"
EndProject
Project("{FAE04EC0-301F-11D3-BF4B-00C04F79EFBC}") = "HelloWebAPI.UI", "HelloWebAPI.UI\HelloWebAPI.UI.csproj", "{AFB2A5B3-B1F1-440A-A524-670D19393708}"
EndProject
Global
	GlobalSection(SolutionConfigurationPlatforms) = preSolution
		Debug|Any CPU = Debug|Any CPU
		Release|Any CPU = Release|Any CPU
	EndGlobalSection
	GlobalSection(ProjectConfigurationPlatforms) = postSolution
		{F99F9A9F-7499-447F-A2AB-242AC05815EC}.Debug|Any CPU.ActiveCfg = Debug|Any CPU
		{F99F9A9F-7499-447F-A2AB-242AC05815EC}.Debug|Any CPU.Build.0 = Debug|Any CPU
		{F99F9A9F-7499-447F-A2AB-242AC05815EC}.Release|Any CPU.ActiveCfg = Release|Any CPU
		{F99F9A9F-7499-447F-A2AB-242AC05815EC}.Release|Any CPU.Build.0 = Release|Any CPU
		{2EF7D69E-5BD3-4E2D-9EFB-2B52BD8F9207}.Debug|Any CPU.ActiveCfg = Debug|Any CPU
		{2EF7D69E-5BD3-4E2D-9EFB-2B52BD8F9207}.Debug|Any CPU.Build.0 = Debug|Any CPU
		{2EF7D69E-5BD3-4E2D-9EFB-2B52BD8F9207}.Release|Any CPU.ActiveCfg = Release|Any CPU
		{2EF7D69E-5BD3-4E2D-9EFB-2B52BD8F9207}.Release|Any CPU.Build.0 = Release|Any CPU
		{AFB2A5B3-B1F1-440A-A524-670D19393708}.Debug|Any CPU.ActiveCfg = Debug|Any CPU
		{AFB2A5B3-B1F1-440A-A524-670D19393708}.Debug|Any CPU.Build.0 = Debug|Any CPU
		{AFB2A5B3-B1F1-440A-A524-670D19393708}.Release|Any CPU.ActiveCfg = Release|Any CPU
		{AFB2A5B3-B1F1-440A-A524-670D19393708}.Release|Any CPU.Build.0 = Release|Any CPU
	EndGlobalSection
	GlobalSection(SolutionProperties) = preSolution
		HideSolutionNode = FALSE
	EndGlobalSection
	GlobalSection(ExtensibilityGlobals) = postSolution
		SolutionGuid = {5B4C4E9E-549B-497F-B752-354874B15008}
	EndGlobalSection
EndGlobal
